
Microsoft Visual Studio Solution File, Format Version 12.00
# Visual Studio Version 17
VisualStudioVersion = 17.0.31903.59
MinimumVisualStudioVersion = 10.0.40219.1
Project("{FAE04EC0-301F-11D3-BF4B-00C04F79EFBC}") = "SingleResponsibilityDemo", "Single Responsibility\SingleResponsibilityDemo.csproj", "{D5777725-B672-4657-B281-F167791BB28C}"
EndProject
Project("{FAE04EC0-301F-11D3-BF4B-00C04F79EFBC}") = "Open-Close-Principle", "Open-Close-Principle\Open-Close-Principle.csproj", "{AE3A9DA6-2E5B-463A-9B18-E10F60068B0B}"
EndProject
Project("{FAE04EC0-301F-11D3-BF4B-00C04F79EFBC}") = "Liskov-Substitution-Principle", "Liskov-Substitution-Principle\Liskov-Substitution-Principle.csproj", "{7B8CCC16-6A77-4B10-A494-B147720AFE79}"
EndProject
Global
	GlobalSection(SolutionConfigurationPlatforms) = preSolution
		Debug|Any CPU = Debug|Any CPU
		Debug|x64 = Debug|x64
		Debug|x86 = Debug|x86
		Release|Any CPU = Release|Any CPU
		Release|x64 = Release|x64
		Release|x86 = Release|x86
	EndGlobalSection
	GlobalSection(ProjectConfigurationPlatforms) = postSolution
		{D5777725-B672-4657-B281-F167791BB28C}.Debug|Any CPU.ActiveCfg = Debug|Any CPU
		{D5777725-B672-4657-B281-F167791BB28C}.Debug|Any CPU.Build.0 = Debug|Any CPU
		{D5777725-B672-4657-B281-F167791BB28C}.Debug|x64.ActiveCfg = Debug|Any CPU
		{D5777725-B672-4657-B281-F167791BB28C}.Debug|x64.Build.0 = Debug|Any CPU
		{D5777725-B672-4657-B281-F167791BB28C}.Debug|x86.ActiveCfg = Debug|Any CPU
		{D5777725-B672-4657-B281-F167791BB28C}.Debug|x86.Build.0 = Debug|Any CPU
		{D5777725-B672-4657-B281-F167791BB28C}.Release|Any CPU.ActiveCfg = Release|Any CPU
		{D5777725-B672-4657-B281-F167791BB28C}.Release|Any CPU.Build.0 = Release|Any CPU
		{D5777725-B672-4657-B281-F167791BB28C}.Release|x64.ActiveCfg = Release|Any CPU
		{D5777725-B672-4657-B281-F167791BB28C}.Release|x64.Build.0 = Release|Any CPU
		{D5777725-B672-4657-B281-F167791BB28C}.Release|x86.ActiveCfg = Release|Any CPU
		{D5777725-B672-4657-B281-F167791BB28C}.Release|x86.Build.0 = Release|Any CPU
		{AE3A9DA6-2E5B-463A-9B18-E10F60068B0B}.Debug|Any CPU.ActiveCfg = Debug|Any CPU
		{AE3A9DA6-2E5B-463A-9B18-E10F60068B0B}.Debug|Any CPU.Build.0 = Debug|Any CPU
		{AE3A9DA6-2E5B-463A-9B18-E10F60068B0B}.Debug|x64.ActiveCfg = Debug|Any CPU
		{AE3A9DA6-2E5B-463A-9B18-E10F60068B0B}.Debug|x64.Build.0 = Debug|Any CPU
		{AE3A9DA6-2E5B-463A-9B18-E10F60068B0B}.Debug|x86.ActiveCfg = Debug|Any CPU
		{AE3A9DA6-2E5B-463A-9B18-E10F60068B0B}.Debug|x86.Build.0 = Debug|Any CPU
		{AE3A9DA6-2E5B-463A-9B18-E10F60068B0B}.Release|Any CPU.ActiveCfg = Release|Any CPU
		{AE3A9DA6-2E5B-463A-9B18-E10F60068B0B}.Release|Any CPU.Build.0 = Release|Any CPU
		{AE3A9DA6-2E5B-463A-9B18-E10F60068B0B}.Release|x64.ActiveCfg = Release|Any CPU
		{AE3A9DA6-2E5B-463A-9B18-E10F60068B0B}.Release|x64.Build.0 = Release|Any CPU
		{AE3A9DA6-2E5B-463A-9B18-E10F60068B0B}.Release|x86.ActiveCfg = Release|Any CPU
		{AE3A9DA6-2E5B-463A-9B18-E10F60068B0B}.Release|x86.Build.0 = Release|Any CPU
		{7B8CCC16-6A77-4B10-A494-B147720AFE79}.Debug|Any CPU.ActiveCfg = Debug|Any CPU
		{7B8CCC16-6A77-4B10-A494-B147720AFE79}.Debug|Any CPU.Build.0 = Debug|Any CPU
		{7B8CCC16-6A77-4B10-A494-B147720AFE79}.Debug|x64.ActiveCfg = Debug|Any CPU
		{7B8CCC16-6A77-4B10-A494-B147720AFE79}.Debug|x64.Build.0 = Debug|Any CPU
		{7B8CCC16-6A77-4B10-A494-B147720AFE79}.Debug|x86.ActiveCfg = Debug|Any CPU
		{7B8CCC16-6A77-4B10-A494-B147720AFE79}.Debug|x86.Build.0 = Debug|Any CPU
		{7B8CCC16-6A77-4B10-A494-B147720AFE79}.Release|Any CPU.ActiveCfg = Release|Any CPU
		{7B8CCC16-6A77-4B10-A494-B147720AFE79}.Release|Any CPU.Build.0 = Release|Any CPU
		{7B8CCC16-6A77-4B10-A494-B147720AFE79}.Release|x64.ActiveCfg = Release|Any CPU
		{7B8CCC16-6A77-4B10-A494-B147720AFE79}.Release|x64.Build.0 = Release|Any CPU
		{7B8CCC16-6A77-4B10-A494-B147720AFE79}.Release|x86.ActiveCfg = Release|Any CPU
		{7B8CCC16-6A77-4B10-A494-B147720AFE79}.Release|x86.Build.0 = Release|Any CPU
	EndGlobalSection
	GlobalSection(SolutionProperties) = preSolution
		HideSolutionNode = FALSE
	EndGlobalSection
	GlobalSection(ExtensibilityGlobals) = postSolution
		SolutionGuid = {CAE8AFDE-A437-4169-8EC8-C1F73244D824}
	EndGlobalSection
EndGlobal
